// !$*UTF8*$!
{
	archiveVersion = 1;
	classes = {
	};
	objectVersion = 55;
	objects = {

/* Begin PBXBuildFile section */
		D1219C26273EBCE3003D32D4 /* FirstUseView.swift in Sources */ = {isa = PBXBuildFile; fileRef = D1219C25273EBCE3003D32D4 /* FirstUseView.swift */; };
		D1280DAD273FA1EE00A3E432 /* HomeView.swift in Sources */ = {isa = PBXBuildFile; fileRef = D1280DAC273FA1EE00A3E432 /* HomeView.swift */; };
		D1424CC42742EE1A006C93D2 /* DrinkView.swift in Sources */ = {isa = PBXBuildFile; fileRef = D1424CC32742EE1A006C93D2 /* DrinkView.swift */; };
		D1424CC62742EE46006C93D2 /* Drink.swift in Sources */ = {isa = PBXBuildFile; fileRef = D1424CC52742EE46006C93D2 /* Drink.swift */; };
		D183346027440C7400C48C8C /* AccountView.swift in Sources */ = {isa = PBXBuildFile; fileRef = D183345F27440C7400C48C8C /* AccountView.swift */; };
		D1B07301274318BC008AB143 /* Database.swift in Sources */ = {isa = PBXBuildFile; fileRef = D1B07300274318BC008AB143 /* Database.swift */; };
		D1B073042743D9E1008AB143 /* appdata.xcdatamodeld in Sources */ = {isa = PBXBuildFile; fileRef = D1B073022743D9E1008AB143 /* appdata.xcdatamodeld */; };
		D1B073062743DA81008AB143 /* Persistence.swift in Sources */ = {isa = PBXBuildFile; fileRef = D1B073052743DA81008AB143 /* Persistence.swift */; };
		D1B3D24B273AAD07005D7957 /* YouDrunkApp.swift in Sources */ = {isa = PBXBuildFile; fileRef = D1B3D24A273AAD07005D7957 /* YouDrunkApp.swift */; };
		D1B3D24D273AAD07005D7957 /* ContentView.swift in Sources */ = {isa = PBXBuildFile; fileRef = D1B3D24C273AAD07005D7957 /* ContentView.swift */; };
		D1B3D24F273AAD08005D7957 /* Assets.xcassets in Resources */ = {isa = PBXBuildFile; fileRef = D1B3D24E273AAD08005D7957 /* Assets.xcassets */; };
		D1B3D252273AAD08005D7957 /* Preview Assets.xcassets in Resources */ = {isa = PBXBuildFile; fileRef = D1B3D251273AAD08005D7957 /* Preview Assets.xcassets */; };
		EF5569FA27416978002D412E /* StatsView.swift in Sources */ = {isa = PBXBuildFile; fileRef = EF5569F927416978002D412E /* StatsView.swift */; };
/* End PBXBuildFile section */

/* Begin PBXFileReference section */
		D1219C25273EBCE3003D32D4 /* FirstUseView.swift */ = {isa = PBXFileReference; lastKnownFileType = sourcecode.swift; path = FirstUseView.swift; sourceTree = "<group>"; };
		D1280DAC273FA1EE00A3E432 /* HomeView.swift */ = {isa = PBXFileReference; lastKnownFileType = sourcecode.swift; path = HomeView.swift; sourceTree = "<group>"; };
		D1424CC32742EE1A006C93D2 /* DrinkView.swift */ = {isa = PBXFileReference; lastKnownFileType = sourcecode.swift; path = DrinkView.swift; sourceTree = "<group>"; };
		D1424CC52742EE46006C93D2 /* Drink.swift */ = {isa = PBXFileReference; lastKnownFileType = sourcecode.swift; path = Drink.swift; sourceTree = "<group>"; };
		D183345F27440C7400C48C8C /* AccountView.swift */ = {isa = PBXFileReference; lastKnownFileType = sourcecode.swift; path = AccountView.swift; sourceTree = "<group>"; };
		D1B07300274318BC008AB143 /* Database.swift */ = {isa = PBXFileReference; lastKnownFileType = sourcecode.swift; path = Database.swift; sourceTree = "<group>"; };
		D1B073032743D9E1008AB143 /* appdata.xcdatamodel */ = {isa = PBXFileReference; lastKnownFileType = wrapper.xcdatamodel; path = appdata.xcdatamodel; sourceTree = "<group>"; };
		D1B073052743DA81008AB143 /* Persistence.swift */ = {isa = PBXFileReference; lastKnownFileType = sourcecode.swift; path = Persistence.swift; sourceTree = "<group>"; };
		D1B3D247273AAD07005D7957 /* YouDrunk.app */ = {isa = PBXFileReference; explicitFileType = wrapper.application; includeInIndex = 0; path = YouDrunk.app; sourceTree = BUILT_PRODUCTS_DIR; };
		D1B3D24A273AAD07005D7957 /* YouDrunkApp.swift */ = {isa = PBXFileReference; lastKnownFileType = sourcecode.swift; path = YouDrunkApp.swift; sourceTree = "<group>"; };
		D1B3D24C273AAD07005D7957 /* ContentView.swift */ = {isa = PBXFileReference; lastKnownFileType = sourcecode.swift; path = ContentView.swift; sourceTree = "<group>"; };
		D1B3D24E273AAD08005D7957 /* Assets.xcassets */ = {isa = PBXFileReference; lastKnownFileType = folder.assetcatalog; path = Assets.xcassets; sourceTree = "<group>"; };
		D1B3D251273AAD08005D7957 /* Preview Assets.xcassets */ = {isa = PBXFileReference; lastKnownFileType = folder.assetcatalog; path = "Preview Assets.xcassets"; sourceTree = "<group>"; };
		EF5569F927416978002D412E /* StatsView.swift */ = {isa = PBXFileReference; lastKnownFileType = sourcecode.swift; path = StatsView.swift; sourceTree = "<group>"; };
/* End PBXFileReference section */

/* Begin PBXFrameworksBuildPhase section */
		D1B3D244273AAD07005D7957 /* Frameworks */ = {
			isa = PBXFrameworksBuildPhase;
			buildActionMask = 2147483647;
			files = (
			);
			runOnlyForDeploymentPostprocessing = 0;
		};
/* End PBXFrameworksBuildPhase section */

/* Begin PBXGroup section */
		D1B3D23E273AAD07005D7957 = {
			isa = PBXGroup;
			children = (
				D1B3D249273AAD07005D7957 /* YouDrunk */,
				D1B3D248273AAD07005D7957 /* Products */,
			);
			sourceTree = "<group>";
		};
		D1B3D248273AAD07005D7957 /* Products */ = {
			isa = PBXGroup;
			children = (
				D1B3D247273AAD07005D7957 /* YouDrunk.app */,
			);
			name = Products;
			sourceTree = "<group>";
		};
		D1B3D249273AAD07005D7957 /* YouDrunk */ = {
			isa = PBXGroup;
			children = (
				D1B073022743D9E1008AB143 /* appdata.xcdatamodeld */,
				D1B073052743DA81008AB143 /* Persistence.swift */,
				D1B07300274318BC008AB143 /* Database.swift */,
				D1424CC32742EE1A006C93D2 /* DrinkView.swift */,
				D1219C25273EBCE3003D32D4 /* FirstUseView.swift */,
				D1B3D24A273AAD07005D7957 /* YouDrunkApp.swift */,
				D1B3D24C273AAD07005D7957 /* ContentView.swift */,
				D1280DAC273FA1EE00A3E432 /* HomeView.swift */,
				D183345F27440C7400C48C8C /* AccountView.swift */,
				EF5569F927416978002D412E /* StatsView.swift */,
				D1B3D24E273AAD08005D7957 /* Assets.xcassets */,
				D1B3D250273AAD08005D7957 /* Preview Content */,
				D1424CC52742EE46006C93D2 /* Drink.swift */,
			);
			path = YouDrunk;
			sourceTree = "<group>";
		};
		D1B3D250273AAD08005D7957 /* Preview Content */ = {
			isa = PBXGroup;
			children = (
				D1B3D251273AAD08005D7957 /* Preview Assets.xcassets */,
			);
			path = "Preview Content";
			sourceTree = "<group>";
		};
/* End PBXGroup section */

/* Begin PBXNativeTarget section */
		D1B3D246273AAD07005D7957 /* YouDrunk */ = {
			isa = PBXNativeTarget;
			buildConfigurationList = D1B3D255273AAD08005D7957 /* Build configuration list for PBXNativeTarget "YouDrunk" */;
			buildPhases = (
				D1B3D243273AAD07005D7957 /* Sources */,
				D1B3D244273AAD07005D7957 /* Frameworks */,
				D1B3D245273AAD07005D7957 /* Resources */,
			);
			buildRules = (
			);
			dependencies = (
			);
			name = YouDrunk;
			productName = YouDrunk;
			productReference = D1B3D247273AAD07005D7957 /* YouDrunk.app */;
			productType = "com.apple.product-type.application";
		};
/* End PBXNativeTarget section */

/* Begin PBXProject section */
		D1B3D23F273AAD07005D7957 /* Project object */ = {
			isa = PBXProject;
			attributes = {
				BuildIndependentTargetsInParallel = 1;
				LastSwiftUpdateCheck = 1320;
				LastUpgradeCheck = 1320;
				TargetAttributes = {
					D1B3D246273AAD07005D7957 = {
						CreatedOnToolsVersion = 13.2;
					};
				};
			};
			buildConfigurationList = D1B3D242273AAD07005D7957 /* Build configuration list for PBXProject "YouDrunk" */;
			compatibilityVersion = "Xcode 13.0";
			developmentRegion = en;
			hasScannedForEncodings = 0;
			knownRegions = (
				en,
				Base,
			);
			mainGroup = D1B3D23E273AAD07005D7957;
			productRefGroup = D1B3D248273AAD07005D7957 /* Products */;
			projectDirPath = "";
			projectRoot = "";
			targets = (
				D1B3D246273AAD07005D7957 /* YouDrunk */,
			);
		};
/* End PBXProject section */

/* Begin PBXResourcesBuildPhase section */
		D1B3D245273AAD07005D7957 /* Resources */ = {
			isa = PBXResourcesBuildPhase;
			buildActionMask = 2147483647;
			files = (
				D1B3D252273AAD08005D7957 /* Preview Assets.xcassets in Resources */,
				D1B3D24F273AAD08005D7957 /* Assets.xcassets in Resources */,
			);
			runOnlyForDeploymentPostprocessing = 0;
		};
/* End PBXResourcesBuildPhase section */

/* Begin PBXSourcesBuildPhase section */
		D1B3D243273AAD07005D7957 /* Sources */ = {
			isa = PBXSourcesBuildPhase;
			buildActionMask = 2147483647;
			files = (
				D1B3D24D273AAD07005D7957 /* ContentView.swift in Sources */,
				EF5569FA27416978002D412E /* StatsView.swift in Sources */,
				D1280DAD273FA1EE00A3E432 /* HomeView.swift in Sources */,
				D1B073042743D9E1008AB143 /* appdata.xcdatamodeld in Sources */,
				D183346027440C7400C48C8C /* AccountView.swift in Sources */,
				D1424CC42742EE1A006C93D2 /* DrinkView.swift in Sources */,
				D1B3D24B273AAD07005D7957 /* YouDrunkApp.swift in Sources */,
				D1424CC62742EE46006C93D2 /* Drink.swift in Sources */,
				D1B07301274318BC008AB143 /* Database.swift in Sources */,
				D1219C26273EBCE3003D32D4 /* FirstUseView.swift in Sources */,
				D1B073062743DA81008AB143 /* Persistence.swift in Sources */,
			);
			runOnlyForDeploymentPostprocessing = 0;
		};
/* End PBXSourcesBuildPhase section */

/* Begin XCBuildConfiguration section */
		D1B3D253273AAD08005D7957 /* Debug */ = {
			isa = XCBuildConfiguration;
			buildSettings = {
				ALWAYS_SEARCH_USER_PATHS = NO;
				CLANG_ANALYZER_NONNULL = YES;
				CLANG_ANALYZER_NUMBER_OBJECT_CONVERSION = YES_AGGRESSIVE;
				CLANG_CXX_LANGUAGE_STANDARD = "gnu++17";
				CLANG_CXX_LIBRARY = "libc++";
				CLANG_ENABLE_MODULES = YES;
				CLANG_ENABLE_OBJC_ARC = YES;
				CLANG_ENABLE_OBJC_WEAK = YES;
				CLANG_WARN_BLOCK_CAPTURE_AUTORELEASING = YES;
				CLANG_WARN_BOOL_CONVERSION = YES;
				CLANG_WARN_COMMA = YES;
				CLANG_WARN_CONSTANT_CONVERSION = YES;
				CLANG_WARN_DEPRECATED_OBJC_IMPLEMENTATIONS = YES;
				CLANG_WARN_DIRECT_OBJC_ISA_USAGE = YES_ERROR;
				CLANG_WARN_DOCUMENTATION_COMMENTS = YES;
				CLANG_WARN_EMPTY_BODY = YES;
				CLANG_WARN_ENUM_CONVERSION = YES;
				CLANG_WARN_INFINITE_RECURSION = YES;
				CLANG_WARN_INT_CONVERSION = YES;
				CLANG_WARN_NON_LITERAL_NULL_CONVERSION = YES;
				CLANG_WARN_OBJC_IMPLICIT_RETAIN_SELF = YES;
				CLANG_WARN_OBJC_LITERAL_CONVERSION = YES;
				CLANG_WARN_OBJC_ROOT_CLASS = YES_ERROR;
				CLANG_WARN_QUOTED_INCLUDE_IN_FRAMEWORK_HEADER = YES;
				CLANG_WARN_RANGE_LOOP_ANALYSIS = YES;
				CLANG_WARN_STRICT_PROTOTYPES = YES;
				CLANG_WARN_SUSPICIOUS_MOVE = YES;
				CLANG_WARN_UNGUARDED_AVAILABILITY = YES_AGGRESSIVE;
				CLANG_WARN_UNREACHABLE_CODE = YES;
				CLANG_WARN__DUPLICATE_METHOD_MATCH = YES;
				COPY_PHASE_STRIP = NO;
				DEBUG_INFORMATION_FORMAT = dwarf;
				ENABLE_STRICT_OBJC_MSGSEND = YES;
				ENABLE_TESTABILITY = YES;
				GCC_C_LANGUAGE_STANDARD = gnu11;
				GCC_DYNAMIC_NO_PIC = NO;
				GCC_NO_COMMON_BLOCKS = YES;
				GCC_OPTIMIZATION_LEVEL = 0;
				GCC_PREPROCESSOR_DEFINITIONS = (
					"DEBUG=1",
					"$(inherited)",
				);
				GCC_WARN_64_TO_32_BIT_CONVERSION = YES;
				GCC_WARN_ABOUT_RETURN_TYPE = YES_ERROR;
				GCC_WARN_UNDECLARED_SELECTOR = YES;
				GCC_WARN_UNINITIALIZED_AUTOS = YES_AGGRESSIVE;
				GCC_WARN_UNUSED_FUNCTION = YES;
				GCC_WARN_UNUSED_VARIABLE = YES;
				IPHONEOS_DEPLOYMENT_TARGET = 15.2;
				MTL_ENABLE_DEBUG_INFO = INCLUDE_SOURCE;
				MTL_FAST_MATH = YES;
				ONLY_ACTIVE_ARCH = YES;
				SDKROOT = iphoneos;
				SWIFT_ACTIVE_COMPILATION_CONDITIONS = DEBUG;
				SWIFT_OPTIMIZATION_LEVEL = "-Onone";
			};
			name = Debug;
		};
		D1B3D254273AAD08005D7957 /* Release */ = {
			isa = XCBuildConfiguration;
			buildSettings = {
				ALWAYS_SEARCH_USER_PATHS = NO;
				CLANG_ANALYZER_NONNULL = YES;
				CLANG_ANALYZER_NUMBER_OBJECT_CONVERSION = YES_AGGRESSIVE;
				CLANG_CXX_LANGUAGE_STANDARD = "gnu++17";
				CLANG_CXX_LIBRARY = "libc++";
				CLANG_ENABLE_MODULES = YES;
				CLANG_ENABLE_OBJC_ARC = YES;
				CLANG_ENABLE_OBJC_WEAK = YES;
				CLANG_WARN_BLOCK_CAPTURE_AUTORELEASING = YES;
				CLANG_WARN_BOOL_CONVERSION = YES;
				CLANG_WARN_COMMA = YES;
				CLANG_WARN_CONSTANT_CONVERSION = YES;
				CLANG_WARN_DEPRECATED_OBJC_IMPLEMENTATIONS = YES;
				CLANG_WARN_DIRECT_OBJC_ISA_USAGE = YES_ERROR;
				CLANG_WARN_DOCUMENTATION_COMMENTS = YES;
				CLANG_WARN_EMPTY_BODY = YES;
				CLANG_WARN_ENUM_CONVERSION = YES;
				CLANG_WARN_INFINITE_RECURSION = YES;
				CLANG_WARN_INT_CONVERSION = YES;
				CLANG_WARN_NON_LITERAL_NULL_CONVERSION = YES;
				CLANG_WARN_OBJC_IMPLICIT_RETAIN_SELF = YES;
				CLANG_WARN_OBJC_LITERAL_CONVERSION = YES;
				CLANG_WARN_OBJC_ROOT_CLASS = YES_ERROR;
				CLANG_WARN_QUOTED_INCLUDE_IN_FRAMEWORK_HEADER = YES;
				CLANG_WARN_RANGE_LOOP_ANALYSIS = YES;
				CLANG_WARN_STRICT_PROTOTYPES = YES;
				CLANG_WARN_SUSPICIOUS_MOVE = YES;
				CLANG_WARN_UNGUARDED_AVAILABILITY = YES_AGGRESSIVE;
				CLANG_WARN_UNREACHABLE_CODE = YES;
				CLANG_WARN__DUPLICATE_METHOD_MATCH = YES;
				COPY_PHASE_STRIP = NO;
				DEBUG_INFORMATION_FORMAT = "dwarf-with-dsym";
				ENABLE_NS_ASSERTIONS = NO;
				ENABLE_STRICT_OBJC_MSGSEND = YES;
				GCC_C_LANGUAGE_STANDARD = gnu11;
				GCC_NO_COMMON_BLOCKS = YES;
				GCC_WARN_64_TO_32_BIT_CONVERSION = YES;
				GCC_WARN_ABOUT_RETURN_TYPE = YES_ERROR;
				GCC_WARN_UNDECLARED_SELECTOR = YES;
				GCC_WARN_UNINITIALIZED_AUTOS = YES_AGGRESSIVE;
				GCC_WARN_UNUSED_FUNCTION = YES;
				GCC_WARN_UNUSED_VARIABLE = YES;
				IPHONEOS_DEPLOYMENT_TARGET = 15.2;
				MTL_ENABLE_DEBUG_INFO = NO;
				MTL_FAST_MATH = YES;
				SDKROOT = iphoneos;
				SWIFT_COMPILATION_MODE = wholemodule;
				SWIFT_OPTIMIZATION_LEVEL = "-O";
				VALIDATE_PRODUCT = YES;
			};
			name = Release;
		};
		D1B3D256273AAD08005D7957 /* Debug */ = {
			isa = XCBuildConfiguration;
			buildSettings = {
				ASSETCATALOG_COMPILER_APPICON_NAME = AppIcon;
				ASSETCATALOG_COMPILER_GLOBAL_ACCENT_COLOR_NAME = AccentColor;
				CODE_SIGN_STYLE = Automatic;
				CURRENT_PROJECT_VERSION = 1;
				DEVELOPMENT_ASSET_PATHS = "\"YouDrunk/Preview Content\"";
				DEVELOPMENT_TEAM = 8MLWSX97TB;
				ENABLE_PREVIEWS = YES;
				GENERATE_INFOPLIST_FILE = YES;
				INFOPLIST_KEY_UIApplicationSceneManifest_Generation = YES;
				INFOPLIST_KEY_UIApplicationSupportsIndirectInputEvents = YES;
				INFOPLIST_KEY_UILaunchScreen_Generation = YES;
				INFOPLIST_KEY_UISupportedInterfaceOrientations = UIInterfaceOrientationPortrait;
				INFOPLIST_KEY_UISupportedInterfaceOrientations_iPad = "UIInterfaceOrientationPortrait UIInterfaceOrientationPortraitUpsideDown UIInterfaceOrientationLandscapeLeft UIInterfaceOrientationLandscapeRight";
				INFOPLIST_KEY_UISupportedInterfaceOrientations_iPhone = "UIInterfaceOrientationPortrait UIInterfaceOrientationLandscapeLeft UIInterfaceOrientationLandscapeRight";
				IPHONEOS_DEPLOYMENT_TARGET = 15.2;
				LD_RUNPATH_SEARCH_PATHS = (
					"$(inherited)",
					"@executable_path/Frameworks",
				);
				MARKETING_VERSION = 1.0;
				PRODUCT_BUNDLE_IDENTIFIER = cosmoneapolitan.YouDrunk;
				PRODUCT_NAME = "$(TARGET_NAME)";
				SWIFT_EMIT_LOC_STRINGS = YES;
				SWIFT_VERSION = 5.0;
				TARGETED_DEVICE_FAMILY = "1,2";
			};
			name = Debug;
		};
		D1B3D257273AAD08005D7957 /* Release */ = {
			isa = XCBuildConfiguration;
			buildSettings = {
				ASSETCATALOG_COMPILER_APPICON_NAME = AppIcon;
				ASSETCATALOG_COMPILER_GLOBAL_ACCENT_COLOR_NAME = AccentColor;
				CODE_SIGN_STYLE = Automatic;
				CURRENT_PROJECT_VERSION = 1;
				DEVELOPMENT_ASSET_PATHS = "\"YouDrunk/Preview Content\"";
				DEVELOPMENT_TEAM = 8MLWSX97TB;
				ENABLE_PREVIEWS = YES;
				GENERATE_INFOPLIST_FILE = YES;
				INFOPLIST_KEY_UIApplicationSceneManifest_Generation = YES;
				INFOPLIST_KEY_UIApplicationSupportsIndirectInputEvents = YES;
				INFOPLIST_KEY_UILaunchScreen_Generation = YES;
				INFOPLIST_KEY_UISupportedInterfaceOrientations = UIInterfaceOrientationPortrait;
				INFOPLIST_KEY_UISupportedInterfaceOrientations_iPad = "UIInterfaceOrientationPortrait UIInterfaceOrientationPortraitUpsideDown UIInterfaceOrientationLandscapeLeft UIInterfaceOrientationLandscapeRight";
				INFOPLIST_KEY_UISupportedInterfaceOrientations_iPhone = "UIInterfaceOrientationPortrait UIInterfaceOrientationLandscapeLeft UIInterfaceOrientationLandscapeRight";
				IPHONEOS_DEPLOYMENT_TARGET = 15.2;
				LD_RUNPATH_SEARCH_PATHS = (
					"$(inherited)",
					"@executable_path/Frameworks",
				);
				MARKETING_VERSION = 1.0;
				PRODUCT_BUNDLE_IDENTIFIER = cosmoneapolitan.YouDrunk;
				PRODUCT_NAME = "$(TARGET_NAME)";
				SWIFT_EMIT_LOC_STRINGS = YES;
				SWIFT_VERSION = 5.0;
				TARGETED_DEVICE_FAMILY = "1,2";
			};
			name = Release;
		};
/* End XCBuildConfiguration section */

/* Begin XCConfigurationList section */
		D1B3D242273AAD07005D7957 /* Build configuration list for PBXProject "YouDrunk" */ = {
			isa = XCConfigurationList;
			buildConfigurations = (
				D1B3D253273AAD08005D7957 /* Debug */,
				D1B3D254273AAD08005D7957 /* Release */,
			);
			defaultConfigurationIsVisible = 0;
			defaultConfigurationName = Release;
		};
		D1B3D255273AAD08005D7957 /* Build configuration list for PBXNativeTarget "YouDrunk" */ = {
			isa = XCConfigurationList;
			buildConfigurations = (
				D1B3D256273AAD08005D7957 /* Debug */,
				D1B3D257273AAD08005D7957 /* Release */,
			);
			defaultConfigurationIsVisible = 0;
			defaultConfigurationName = Release;
		};
/* End XCConfigurationList section */

/* Begin XCVersionGroup section */
		D1B073022743D9E1008AB143 /* appdata.xcdatamodeld */ = {
			isa = XCVersionGroup;
			children = (
				D1B073032743D9E1008AB143 /* appdata.xcdatamodel */,
			);
			currentVersion = D1B073032743D9E1008AB143 /* appdata.xcdatamodel */;
			path = appdata.xcdatamodeld;
			sourceTree = "<group>";
			versionGroupType = wrapper.xcdatamodel;
		};
/* End XCVersionGroup section */
	};
	rootObject = D1B3D23F273AAD07005D7957 /* Project object */;
}
